
Microsoft Visual Studio Solution File, Format Version 12.00
Project("{FAE04EC0-301F-11D3-BF4B-00C04F79EFBC}") = "csharp-project-new", "csharp-project-new\csharp-project-new.csproj", "{A9C66C38-5EA6-4B61-8A01-3CC92D3E14D1}"
EndProject
Global
	GlobalSection(SolutionConfigurationPlatforms) = preSolution
		Debug|Any CPU = Debug|Any CPU
		Release|Any CPU = Release|Any CPU
	EndGlobalSection
	GlobalSection(ProjectConfigurationPlatforms) = postSolution
		{A9C66C38-5EA6-4B61-8A01-3CC92D3E14D1}.Debug|Any CPU.ActiveCfg = Debug|Any CPU
		{A9C66C38-5EA6-4B61-8A01-3CC92D3E14D1}.Debug|Any CPU.Build.0 = Debug|Any CPU
		{A9C66C38-5EA6-4B61-8A01-3CC92D3E14D1}.Release|Any CPU.ActiveCfg = Release|Any CPU
		{A9C66C38-5EA6-4B61-8A01-3CC92D3E14D1}.Release|Any CPU.Build.0 = Release|Any CPU
	EndGlobalSection
EndGlobal
